
Microsoft Visual Studio Solution File, Format Version 12.00
# Visual Studio Version 17
VisualStudioVersion = 17.3.32804.467
MinimumVisualStudioVersion = 10.0.40219.1
Project("{FAE04EC0-301F-11D3-BF4B-00C04F79EFBC}") = "API", "API\API.csproj", "{701D1B9F-46C8-4AF3-B0F9-7C2E12FA8EBB}"
EndProject
Global
	GlobalSection(SolutionConfigurationPlatforms) = preSolution
		Debug|Any CPU = Debug|Any CPU
		Release|Any CPU = Release|Any CPU
	EndGlobalSection
	GlobalSection(ProjectConfigurationPlatforms) = postSolution
		{701D1B9F-46C8-4AF3-B0F9-7C2E12FA8EBB}.Debug|Any CPU.ActiveCfg = Debug|Any CPU
		{701D1B9F-46C8-4AF3-B0F9-7C2E12FA8EBB}.Debug|Any CPU.Build.0 = Debug|Any CPU
		{701D1B9F-46C8-4AF3-B0F9-7C2E12FA8EBB}.Release|Any CPU.ActiveCfg = Release|Any CPU
		{701D1B9F-46C8-4AF3-B0F9-7C2E12FA8EBB}.Release|Any CPU.Build.0 = Release|Any CPU
	EndGlobalSection
	GlobalSection(SolutionProperties) = preSolution
		HideSolutionNode = FALSE
	EndGlobalSection
	GlobalSection(ExtensibilityGlobals) = postSolution
		SolutionGuid = {B1084350-A171-4819-9354-8B29788A81A3}
	EndGlobalSection
EndGlobal
